22553
/home/naglezh/.jdks/axiomjdk-25.0.1/bin/java -XX:TieredStopAtLevel=1 -Dspring.output.ansi.enabled=always -Dcom.sun.management.jmxremote -Dspring.jmx.enabled=true -Dspring.liveBeansView.mbeanDomain -Dspring.application.admin.enabled=true -Dmanagement.endpoints.jmx.exposure.include=* -javaagent:/home/naglezh/idea/idea-2025.3/idea-IU-253.28294.334/lib/idea_rt.jar=36167 -Dfile.encoding=UTF-8 -Dsun.stdout.encoding=UTF-8 -Dsun.stderr.encoding=UTF-8 -classpath /home/naglezh/IdeaProjects/bft_task/target/classes:/home/naglezh/.m2/repository/org/springframework/boot/spring-boot-starter-data-jpa/4.1.1/spring-boot-starter-data-jpa-4.1.1.jar:/home/naglezh/.m2/repository/org/springframework/boot/spring-boot-starter/4.1.1/spring-boot-starter-4.1.1.jar:/home/naglezh/.m2/repository/org/springframework/boot/spring-boot-starter-logging/4.1.1/spring-boot-starter-logging-4.1.1.jar:/home/naglezh/.m2/repository/ch/qos/logback/logback-classic/1.5.38/logback-classic-1.5.38.jar:/home/naglezh/.m2/repository/ch/qos/logback/logback-core/1.5.38/logback-core-1.5.38.jar:/home/naglezh/.m2/repository/org/apache/logging/log4j/log4j-to-slf4j/2.25.5/log4j-to-slf4j-2.25.5.jar:/home/naglezh/.m2/repository/org/apache/logging/log4j/log4j-api/2.25.5/log4j-api-2.25.5.jar:/home/naglezh/.m2/repository/org/slf4j/jul-to-slf4j/2.0.18/jul-to-slf4j-2.0.18.jar:/home/naglezh/.m2/repository/org/springframework/boot/spring-boot-autoconfigure/4.1.1/spring-boot-autoconfigure-4.1.1.jar:/home/naglezh/.m2/repository/jakarta/annotation/jakarta.annotation-api/3.0.0/jakarta.annotation-api-3.0.0.jar:/home/naglezh/.m2/repository/org/yaml/snakeyaml/2.6/snakeyaml-2.6.jar:/home/naglezh/.m2/repository/org/springframework/boot/spring-boot-starter-jdbc/4.1.1/spring-boot-starter-jdbc-4.1.1.jar:/home/naglezh/.m2/repository/com/zaxxer/HikariCP/7.0.2/HikariCP-7.0.2.jar:/home/naglezh/.m2/repository/org/slf4j/slf4j-api/2.0.18/slf4j-api-2.0.18.jar:/home/naglezh/.m2/repository/org/springframework/boot/spring-boot-data-jpa/4.1.1/spring-boot-data-jpa-4.1.1.jar:/home/naglezh/.m2/repository/org/springframework/boot/spring-boot-data-commons/4.1.1/spring-boot-data-commons-4.1.1.jar:/home/naglezh/.m2/repository/org/springframework/boot/spring-boot-persistence/4.1.1/spring-boot-persistence-4.1.1.jar:/home/naglezh/.m2/repository/org/springframework/data/spring-data-commons/4.1.1/spring-data-commons-4.1.1.jar:/home/naglezh/.m2/repository/org/springframework/boot/spring-boot-hibernate/4.1.1/spring-boot-hibernate-4.1.1.jar:/home/naglezh/.m2/repository/org/springframework/boot/spring-boot-jpa/4.1.1/spring-boot-jpa-4.1.1.jar:/home/naglezh/.m2/repository/jakarta/persistence/jakarta.persistence-api/3.2.0/jakarta.persistence-api-3.2.0.jar:/home/naglezh/.m2/repository/org/hibernate/orm/hibernate-core/7.4.5.Final/hibernate-core-7.4.5.Final.jar:/home/naglezh/.m2/repository/jakarta/transaction/jakarta.transaction-api/2.0.1/jakarta.transaction-api-2.0.1.jar:/home/naglezh/.m2/repository/org/hibernate/models/hibernate-models/1.1.1/hibernate-models-1.1.1.jar:/home/naglezh/.m2/repository/org/glassfish/jaxb/jaxb-runtime/4.0.9/jaxb-runtime-4.0.9.jar:/home/naglezh/.m2/repository/org/glassfish/jaxb/jaxb-core/4.0.9/jaxb-core-4.0.9.jar:/home/naglezh/.m2/repository/org/eclipse/angus/angus-activation/2.0.3/angus-activation-2.0.3.jar:/home/naglezh/.m2/repository/org/glassfish/jaxb/txw2/4.0.9/txw2-4.0.9.jar:/home/naglezh/.m2/repository/com/sun/istack/istack-commons-runtime/4.1.2/istack-commons-runtime-4.1.2.jar:/home/naglezh/.m2/repository/jakarta/inject/jakarta.inject-api/2.0.1/jakarta.inject-api-2.0.1.jar:/home/naglezh/.m2/repository/org/springframework/spring-orm/7.0.9/spring-orm-7.0.9.jar:/home/naglezh/.m2/repository/org/springframework/data/spring-data-jpa/4.1.1/spring-data-jpa-4.1.1.jar:/home/naglezh/.m2/repository/org/springframework/spring-context/7.0.9/spring-context-7.0.9.jar:/home/naglezh/.m2/repository/org/springframework/spring-tx/7.0.9/spring-tx-7.0.9.jar:/home/naglezh/.m2/repository/org/antlr/antlr4-runtime/4.13.2/antlr4-runtime-4.13.2.jar:/home/naglezh/.m2/repository/org/springframework/spring-aspects/7.0.9/spring-as
